// !$*UTF8*$!
{
	archiveVersion = 1;
	classes = {
	};
	objectVersion = 46;
	objects = {

/* Begin PBXBuildFile section */
		A506A13E13A6F8A900BF6B93 /* icon-72x72.png in Resources */ = {isa = PBXBuildFile; fileRef = A506A13D13A6F8A900BF6B93 /* icon-72x72.png */; };
		A53F66B613AB0A0C00F635A0 /* libsqlite3.0.dylib in Frameworks */ = {isa = PBXBuildFile; fileRef = A53F66B513AB0A0C00F635A0 /* libsqlite3.0.dylib */; };
		A53F66B913AB0A4000F635A0 /* BookCategory.sql in Resources */ = {isa = PBXBuildFile; fileRef = A53F66B813AB0A4000F635A0 /* BookCategory.sql */; };
		A53F66BC13AB0B9D00F635A0 /* BookstoreData.m in Sources */ = {isa = PBXBuildFile; fileRef = A53F66BB13AB0B9D00F635A0 /* BookstoreData.m */; };
		A5909DEC13A069CF0057DD01 /* UIKit.framework in Frameworks */ = {isa = PBXBuildFile; fileRef = A5909DEB13A069CF0057DD01 /* UIKit.framework */; };
		A5909DEE13A069CF0057DD01 /* Foundation.framework in Frameworks */ = {isa = PBXBuildFile; fileRef = A5909DED13A069CF0057DD01 /* Foundation.framework */; };
		A5909DF013A069CF0057DD01 /* CoreGraphics.framework in Frameworks */ = {isa = PBXBuildFile; fileRef = A5909DEF13A069CF0057DD01 /* CoreGraphics.framework */; };
		A5909DF613A069CF0057DD01 /* InfoPlist.strings in Resources */ = {isa = PBXBuildFile; fileRef = A5909DF413A069CF0057DD01 /* InfoPlist.strings */; };
		A5909DF913A069CF0057DD01 /* main.m in Sources */ = {isa = PBXBuildFile; fileRef = A5909DF813A069CF0057DD01 /* main.m */; };
		A5909DFC13A069CF0057DD01 /* konoAppDelegate.m in Sources */ = {isa = PBXBuildFile; fileRef = A5909DFB13A069CF0057DD01 /* konoAppDelegate.m */; };
		A5909DFF13A069CF0057DD01 /* MainWindow.xib in Resources */ = {isa = PBXBuildFile; fileRef = A5909DFD13A069CF0057DD01 /* MainWindow.xib */; };
		A5909E0813A06A220057DD01 /* MainMenuViewController.m in Sources */ = {isa = PBXBuildFile; fileRef = A5909E0613A06A220057DD01 /* MainMenuViewController.m */; };
		A5909E0913A06A220057DD01 /* MainMenuViewController.xib in Resources */ = {isa = PBXBuildFile; fileRef = A5909E0713A06A220057DD01 /* MainMenuViewController.xib */; };
		A5909E0D13A071A00057DD01 /* BookstoreViewController.m in Sources */ = {isa = PBXBuildFile; fileRef = A5909E0B13A071A00057DD01 /* BookstoreViewController.m */; };
		A5909E0E13A071A00057DD01 /* BookstoreViewController.xib in Resources */ = {isa = PBXBuildFile; fileRef = A5909E0C13A071A00057DD01 /* BookstoreViewController.xib */; };
		A5909E4213A0A1970057DD01 /* RoundedRectView.m in Sources */ = {isa = PBXBuildFile; fileRef = A5909E4113A0A1970057DD01 /* RoundedRectView.m */; };
		A5AD796113A19CD6007647F3 /* QuartzCore.framework in Frameworks */ = {isa = PBXBuildFile; fileRef = A5AD796013A19CD5007647F3 /* QuartzCore.framework */; };
		A5B68A8313A1CF34002B7F2D /* AQGridView.m in Sources */ = {isa = PBXBuildFile; fileRef = A5B68A6D13A1CF34002B7F2D /* AQGridView.m */; };
		A5B68A8413A1CF34002B7F2D /* AQGridViewAnimatorItem.m in Sources */ = {isa = PBXBuildFile; fileRef = A5B68A7113A1CF34002B7F2D /* AQGridViewAnimatorItem.m */; };
		A5B68A8513A1CF34002B7F2D /* AQGridViewCell.m in Sources */ = {isa = PBXBuildFile; fileRef = A5B68A7313A1CF34002B7F2D /* AQGridViewCell.m */; };
		A5B68A8613A1CF34002B7F2D /* AQGridViewController.m in Sources */ = {isa = PBXBuildFile; fileRef = A5B68A7613A1CF34002B7F2D /* AQGridViewController.m */; };
		A5B68A8713A1CF34002B7F2D /* AQGridViewData.m in Sources */ = {isa = PBXBuildFile; fileRef = A5B68A7813A1CF34002B7F2D /* AQGridViewData.m */; };
		A5B68A8813A1CF34002B7F2D /* AQGridViewUpdateInfo.m in Sources */ = {isa = PBXBuildFile; fileRef = A5B68A7A13A1CF34002B7F2D /* AQGridViewUpdateInfo.m */; };
		A5B68A8913A1CF34002B7F2D /* AQGridViewUpdateItem.m in Sources */ = {isa = PBXBuildFile; fileRef = A5B68A7C13A1CF34002B7F2D /* AQGridViewUpdateItem.m */; };
		A5B68A8A13A1CF34002B7F2D /* NSIndexSet+AQIndexesOutsideSet.m in Sources */ = {isa = PBXBuildFile; fileRef = A5B68A7E13A1CF34002B7F2D /* NSIndexSet+AQIndexesOutsideSet.m */; };
		A5B68A8B13A1CF34002B7F2D /* NSIndexSet+AQIsSetContiguous.m in Sources */ = {isa = PBXBuildFile; fileRef = A5B68A8013A1CF34002B7F2D /* NSIndexSet+AQIsSetContiguous.m */; };
		A5B68A8C13A1CF34002B7F2D /* UIColor+AQGridView.m in Sources */ = {isa = PBXBuildFile; fileRef = A5B68A8213A1CF34002B7F2D /* UIColor+AQGridView.m */; };
		A5B68A9313A1D0A3002B7F2D /* 30.jpeg in Resources */ = {isa = PBXBuildFile; fileRef = A5B68A8D13A1D0A3002B7F2D /* 30.jpeg */; };
		A5B68A9413A1D0A3002B7F2D /* brain.jpeg in Resources */ = {isa = PBXBuildFile; fileRef = A5B68A8E13A1D0A3002B7F2D /* brain.jpeg */; };
		A5B68A9513A1D0A3002B7F2D /* lohas.jpeg in Resources */ = {isa = PBXBuildFile; fileRef = A5B68A8F13A1D0A3002B7F2D /* lohas.jpeg */; };
		A5B68A9613A1D0A3002B7F2D /* people.jpeg in Resources */ = {isa = PBXBuildFile; fileRef = A5B68A9013A1D0A3002B7F2D /* people.jpeg */; };
		A5B68A9713A1D0A3002B7F2D /* player.jpeg in Resources */ = {isa = PBXBuildFile; fileRef = A5B68A9113A1D0A3002B7F2D /* player.jpeg */; };
		A5B68A9813A1D0A3002B7F2D /* precious.jpeg in Resources */ = {isa = PBXBuildFile; fileRef = A5B68A9213A1D0A3002B7F2D /* precious.jpeg */; };
		A5B68A9B13A1D0BD002B7F2D /* 2535.jpeg in Resources */ = {isa = PBXBuildFile; fileRef = A5B68A9913A1D0BD002B7F2D /* 2535.jpeg */; };
		A5B68A9C13A1D0BD002B7F2D /* bicycle.jpeg in Resources */ = {isa = PBXBuildFile; fileRef = A5B68A9A13A1D0BD002B7F2D /* bicycle.jpeg */; };
		A5F64B4913A136F3007F07D1 /* BookItemGridViewCell.m in Sources */ = {isa = PBXBuildFile; fileRef = A5F64B4813A136F3007F07D1 /* BookItemGridViewCell.m */; };
		A5F64B5013A13A2C007F07D1 /* BookItemGridViewController.m in Sources */ = {isa = PBXBuildFile; fileRef = A5F64B4E13A13A2C007F07D1 /* BookItemGridViewController.m */; };
		A5F64B5A13A13C3E007F07D1 /* money.jpeg in Resources */ = {isa = PBXBuildFile; fileRef = A5F64B5513A13C3E007F07D1 /* money.jpeg */; };
		A5F64B5C13A13C3E007F07D1 /* vision.jpeg in Resources */ = {isa = PBXBuildFile; fileRef = A5F64B5713A13C3E007F07D1 /* vision.jpeg */; };
/* End PBXBuildFile section */

/* Begin PBXFileReference section */
		A506A13D13A6F8A900BF6B93 /* icon-72x72.png */ = {isa = PBXFileReference; lastKnownFileType = image.png; path = "icon-72x72.png"; sourceTree = "<group>"; };
		A53F66B513AB0A0C00F635A0 /* libsqlite3.0.dylib */ = {isa = PBXFileReference; lastKnownFileType = "compiled.mach-o.dylib"; name = libsqlite3.0.dylib; path = usr/lib/libsqlite3.0.dylib; sourceTree = SDKROOT; };
		A53F66B813AB0A4000F635A0 /* BookCategory.sql */ = {isa = PBXFileReference; lastKnownFileType = file; name = BookCategory.sql; path = resources/BookCategory.sql; sourceTree = "<group>"; };
		A53F66BA13AB0B9D00F635A0 /* BookstoreData.h */ = {isa = PBXFileReference; fileEncoding = 4; lastKnownFileType = sourcecode.c.h; path = BookstoreData.h; sourceTree = "<group>"; };
		A53F66BB13AB0B9D00F635A0 /* BookstoreData.m */ = {isa = PBXFileReference; fileEncoding = 4; lastKnownFileType = sourcecode.c.objc; path = BookstoreData.m; sourceTree = "<group>"; };
		A5909DE713A069CE0057DD01 /* kono.app */ = {isa = PBXFileReference; explicitFileType = wrapper.application; includeInIndex = 0; path = kono.app; sourceTree = BUILT_PRODUCTS_DIR; };
		A5909DEB13A069CF0057DD01 /* UIKit.framework */ = {isa = PBXFileReference; lastKnownFileType = wrapper.framework; name = UIKit.framework; path = System/Library/Frameworks/UIKit.framework; sourceTree = SDKROOT; };
		A5909DED13A069CF0057DD01 /* Foundation.framework */ = {isa = PBXFileReference; lastKnownFileType = wrapper.framework; name = Foundation.framework; path = System/Library/Frameworks/Foundation.framework; sourceTree = SDKROOT; };
		A5909DEF13A069CF0057DD01 /* CoreGraphics.framework */ = {isa = PBXFileReference; lastKnownFileType = wrapper.framework; name = CoreGraphics.framework; path = System/Library/Frameworks/CoreGraphics.framework; sourceTree = SDKROOT; };
		A5909DF313A069CF0057DD01 /* kono-Info.plist */ = {isa = PBXFileReference; lastKnownFileType = text.plist.xml; path = "kono-Info.plist"; sourceTree = "<group>"; };
		A5909DF513A069CF0057DD01 /* en */ = {isa = PBXFileReference; lastKnownFileType = text.plist.strings; name = en; path = en.lproj/InfoPlist.strings; sourceTree = "<group>"; };
		A5909DF713A069CF0057DD01 /* kono-Prefix.pch */ = {isa = PBXFileReference; lastKnownFileType = sourcecode.c.h; path = "kono-Prefix.pch"; sourceTree = "<group>"; };
		A5909DF813A069CF0057DD01 /* main.m */ = {isa = PBXFileReference; lastKnownFileType = sourcecode.c.objc; path = main.m; sourceTree = "<group>"; };
		A5909DFA13A069CF0057DD01 /* konoAppDelegate.h */ = {isa = PBXFileReference; lastKnownFileType = sourcecode.c.h; path = konoAppDelegate.h; sourceTree = "<group>"; };
		A5909DFB13A069CF0057DD01 /* konoAppDelegate.m */ = {isa = PBXFileReference; lastKnownFileType = sourcecode.c.objc; path = konoAppDelegate.m; sourceTree = "<group>"; };
		A5909DFE13A069CF0057DD01 /* en */ = {isa = PBXFileReference; lastKnownFileType = file.xib; name = en; path = en.lproj/MainWindow.xib; sourceTree = "<group>"; };
		A5909E0513A06A220057DD01 /* MainMenuViewController.h */ = {isa = PBXFileReference; fileEncoding = 4; lastKnownFileType = sourcecode.c.h; path = MainMenuViewController.h; sourceTree = "<group>"; };
		A5909E0613A06A220057DD01 /* MainMenuViewController.m */ = {isa = PBXFileReference; fileEncoding = 4; lastKnownFileType = sourcecode.c.objc; path = MainMenuViewController.m; sourceTree = "<group>"; };
		A5909E0713A06A220057DD01 /* MainMenuViewController.xib */ = {isa = PBXFileReference; fileEncoding = 4; lastKnownFileType = file.xib; path = MainMenuViewController.xib; sourceTree = "<group>"; };
		A5909E0A13A071A00057DD01 /* BookstoreViewController.h */ = {isa = PBXFileReference; fileEncoding = 4; lastKnownFileType = sourcecode.c.h; path = BookstoreViewController.h; sourceTree = "<group>"; };
		A5909E0B13A071A00057DD01 /* BookstoreViewController.m */ = {isa = PBXFileReference; fileEncoding = 4; lastKnownFileType = sourcecode.c.objc; path = BookstoreViewController.m; sourceTree = "<group>"; };
		A5909E0C13A071A00057DD01 /* BookstoreViewController.xib */ = {isa = PBXFileReference; fileEncoding = 4; lastKnownFileType = file.xib; path = BookstoreViewController.xib; sourceTree = "<group>"; };
		A5909E4013A0A1970057DD01 /* RoundedRectView.h */ = {isa = PBXFileReference; fileEncoding = 4; lastKnownFileType = sourcecode.c.h; path = RoundedRectView.h; sourceTree = "<group>"; };
		A5909E4113A0A1970057DD01 /* RoundedRectView.m */ = {isa = PBXFileReference; fileEncoding = 4; lastKnownFileType = sourcecode.c.objc; path = RoundedRectView.m; sourceTree = "<group>"; };
		A5AD796013A19CD5007647F3 /* QuartzCore.framework */ = {isa = PBXFileReference; lastKnownFileType = wrapper.framework; name = QuartzCore.framework; path = System/Library/Frameworks/QuartzCore.framework; sourceTree = SDKROOT; };
		A5B68A6C13A1CF34002B7F2D /* AQGridView.h */ = {isa = PBXFileReference; fileEncoding = 4; lastKnownFileType = sourcecode.c.h; name = AQGridView.h; path = GridView/AQGridView.h; sourceTree = "<group>"; };
		A5B68A6D13A1CF34002B7F2D /* AQGridView.m */ = {isa = PBXFileReference; fileEncoding = 4; lastKnownFileType = sourcecode.c.objc; name = AQGridView.m; path = GridView/AQGridView.m; sourceTree = "<group>"; };
		A5B68A6E13A1CF34002B7F2D /* AQGridView+CellLayout.h */ = {isa = PBXFileReference; fileEncoding = 4; lastKnownFileType = sourcecode.c.h; name = "AQGridView+CellLayout.h"; path = "GridView/AQGridView+CellLayout.h"; sourceTree = "<group>"; };
		A5B68A6F13A1CF34002B7F2D /* AQGridView+CellLocationDelegation.h */ = {isa = PBXFileReference; fileEncoding = 4; lastKnownFileType = sourcecode.c.h; name = "AQGridView+CellLocationDelegation.h"; path = "GridView/AQGridView+CellLocationDelegation.h"; sourceTree = "<group>"; };
		A5B68A7013A1CF34002B7F2D /* AQGridViewAnimatorItem.h */ = {isa = PBXFileReference; fileEncoding = 4; lastKnownFileType = sourcecode.c.h; name = AQGridViewAnimatorItem.h; path = GridView/AQGridViewAnimatorItem.h; sourceTree = "<group>"; };
		A5B68A7113A1CF34002B7F2D /* AQGridViewAnimatorItem.m */ = {isa = PBXFileReference; fileEncoding = 4; lastKnownFileType = sourcecode.c.objc; name = AQGridViewAnimatorItem.m; path = GridView/AQGridViewAnimatorItem.m; sourceTree = "<group>"; };
		A5B68A7213A1CF34002B7F2D /* AQGridViewCell.h */ = {isa = PBXFileReference; fileEncoding = 4; lastKnownFileType = sourcecode.c.h; name = AQGridViewCell.h; path = GridView/AQGridViewCell.h; sourceTree = "<group>"; };
		A5B68A7313A1CF34002B7F2D /* AQGridViewCell.m */ = {isa = PBXFileReference; fileEncoding = 4; lastKnownFileType = sourcecode.c.objc; name = AQGridViewCell.m; path = GridView/AQGridViewCell.m; sourceTree = "<group>"; };
		A5B68A7413A1CF34002B7F2D /* AQGridViewCell+AQGridViewCellPrivate.h */ = {isa = PBXFileReference; fileEncoding = 4; lastKnownFileType = sourcecode.c.h; name = "AQGridViewCell+AQGridViewCellPrivate.h"; path = "GridView/AQGridViewCell+AQGridViewCellPrivate.h"; sourceTree = "<group>"; };
		A5B68A7513A1CF34002B7F2D /* AQGridViewController.h */ = {isa = PBXFileReference; fileEncoding = 4; lastKnownFileType = sourcecode.c.h; name = AQGridViewController.h; path = GridView/AQGridViewController.h; sourceTree = "<group>"; };
		A5B68A7613A1CF34002B7F2D /* AQGridViewController.m */ = {isa = PBXFileReference; fileEncoding = 4; lastKnownFileType = sourcecode.c.objc; name = AQGridViewController.m; path = GridView/AQGridViewController.m; sourceTree = "<group>"; };
		A5B68A7713A1CF34002B7F2D /* AQGridViewData.h */ = {isa = PBXFileReference; fileEncoding = 4; lastKnownFileType = sourcecode.c.h; name = AQGridViewData.h; path = GridView/AQGridViewData.h; sourceTree = "<group>"; };
		A5B68A7813A1CF34002B7F2D /* AQGridViewData.m */ = {isa = PBXFileReference; fileEncoding = 4; lastKnownFileType = sourcecode.c.objc; name = AQGridViewData.m; path = GridView/AQGridViewData.m; sourceTree = "<group>"; };
		A5B68A7913A1CF34002B7F2D /* AQGridViewUpdateInfo.h */ = {isa = PBXFileReference; fileEncoding = 4; lastKnownFileType = sourcecode.c.h; name = AQGridViewUpdateInfo.h; path = GridView/AQGridViewUpdateInfo.h; sourceTree = "<group>"; };
		A5B68A7A13A1CF34002B7F2D /* AQGridViewUpdateInfo.m */ = {isa = PBXFileReference; fileEncoding = 4; lastKnownFileType = sourcecode.c.objc; name = AQGridViewUpdateInfo.m; path = GridView/AQGridViewUpdateInfo.m; sourceTree = "<group>"; };
		A5B68A7B13A1CF34002B7F2D /* AQGridViewUpdateItem.h */ = {isa = PBXFileReference; fileEncoding = 4; lastKnownFileType = sourcecode.c.h; name = AQGridViewUpdateItem.h; path = GridView/AQGridViewUpdateItem.h; sourceTree = "<group>"; };
		A5B68A7C13A1CF34002B7F2D /* AQGridViewUpdateItem.m */ = {isa = PBXFileReference; fileEncoding = 4; lastKnownFileType = sourcecode.c.objc; name = AQGridViewUpdateItem.m; path = GridView/AQGridViewUpdateItem.m; sourceTree = "<group>"; };
		A5B68A7D13A1CF34002B7F2D /* NSIndexSet+AQIndexesOutsideSet.h */ = {isa = PBXFileReference; fileEncoding = 4; lastKnownFileType = sourcecode.c.h; name = "NSIndexSet+AQIndexesOutsideSet.h"; path = "GridView/NSIndexSet+AQIndexesOutsideSet.h"; sourceTree = "<group>"; };
		A5B68A7E13A1CF34002B7F2D /* NSIndexSet+AQIndexesOutsideSet.m */ = {isa = PBXFileReference; fileEncoding = 4; lastKnownFileType = sourcecode.c.objc; name = "NSIndexSet+AQIndexesOutsideSet.m"; path = "GridView/NSIndexSet+AQIndexesOutsideSet.m"; sourceTree = "<group>"; };
		A5B68A7F13A1CF34002B7F2D /* NSIndexSet+AQIsSetContiguous.h */ = {isa = PBXFileReference; fileEncoding = 4; lastKnownFileType = sourcecode.c.h; name = "NSIndexSet+AQIsSetContiguous.h"; path = "GridView/NSIndexSet+AQIsSetContiguous.h"; sourceTree = "<group>"; };
		A5B68A8013A1CF34002B7F2D /* NSIndexSet+AQIsSetContiguous.m */ = {isa = PBXFileReference; fileEncoding = 4; lastKnownFileType = sourcecode.c.objc; name = "NSIndexSet+AQIsSetContiguous.m"; path = "GridView/NSIndexSet+AQIsSetContiguous.m"; sourceTree = "<group>"; };
		A5B68A8113A1CF34002B7F2D /* UIColor+AQGridView.h */ = {isa = PBXFileReference; fileEncoding = 4; lastKnownFileType = sourcecode.c.h; name = "UIColor+AQGridView.h"; path = "GridView/UIColor+AQGridView.h"; sourceTree = "<group>"; };
		A5B68A8213A1CF34002B7F2D /* UIColor+AQGridView.m */ = {isa = PBXFileReference; fileEncoding = 4; lastKnownFileType = sourcecode.c.objc; name = "UIColor+AQGridView.m"; path = "GridView/UIColor+AQGridView.m"; sourceTree = "<group>"; };
		A5B68A8D13A1D0A3002B7F2D /* 30.jpeg */ = {isa = PBXFileReference; lastKnownFileType = image.jpeg; name = 30.jpeg; path = images/30.jpeg; sourceTree = "<group>"; };
		A5B68A8E13A1D0A3002B7F2D /* brain.jpeg */ = {isa = PBXFileReference; lastKnownFileType = image.jpeg; name = brain.jpeg; path = images/brain.jpeg; sourceTree = "<group>"; };
		A5B68A8F13A1D0A3002B7F2D /* lohas.jpeg */ = {isa = PBXFileReference; lastKnownFileType = image.jpeg; name = lohas.jpeg; path = images/lohas.jpeg; sourceTree = "<group>"; };
		A5B68A9013A1D0A3002B7F2D /* people.jpeg */ = {isa = PBXFileReference; lastKnownFileType = image.jpeg; name = people.jpeg; path = images/people.jpeg; sourceTree = "<group>"; };
		A5B68A9113A1D0A3002B7F2D /* player.jpeg */ = {isa = PBXFileReference; lastKnownFileType = image.jpeg; name = player.jpeg; path = images/player.jpeg; sourceTree = "<group>"; };
		A5B68A9213A1D0A3002B7F2D /* precious.jpeg */ = {isa = PBXFileReference; lastKnownFileType = image.jpeg; name = precious.jpeg; path = images/precious.jpeg; sourceTree = "<group>"; };
		A5B68A9913A1D0BD002B7F2D /* 2535.jpeg */ = {isa = PBXFileReference; lastKnownFileType = image.jpeg; name = 2535.jpeg; path = images/2535.jpeg; sourceTree = "<group>"; };
		A5B68A9A13A1D0BD002B7F2D /* bicycle.jpeg */ = {isa = PBXFileReference; lastKnownFileType = image.jpeg; name = bicycle.jpeg; path = images/bicycle.jpeg; sourceTree = "<group>"; };
		A5F64B4713A136F3007F07D1 /* BookItemGridViewCell.h */ = {isa = PBXFileReference; fileEncoding = 4; lastKnownFileType = sourcecode.c.h; path = BookItemGridViewCell.h; sourceTree = "<group>"; };
		A5F64B4813A136F3007F07D1 /* BookItemGridViewCell.m */ = {isa = PBXFileReference; fileEncoding = 4; lastKnownFileType = sourcecode.c.objc; path = BookItemGridViewCell.m; sourceTree = "<group>"; };
		A5F64B4D13A13A2C007F07D1 /* BookItemGridViewController.h */ = {isa = PBXFileReference; fileEncoding = 4; lastKnownFileType = sourcecode.c.h; path = BookItemGridViewController.h; sourceTree = "<group>"; };
		A5F64B4E13A13A2C007F07D1 /* BookItemGridViewController.m */ = {isa = PBXFileReference; fileEncoding = 4; lastKnownFileType = sourcecode.c.objc; path = BookItemGridViewController.m; sourceTree = "<group>"; };
		A5F64B5513A13C3E007F07D1 /* money.jpeg */ = {isa = PBXFileReference; lastKnownFileType = image.jpeg; name = money.jpeg; path = images/money.jpeg; sourceTree = "<group>"; };
		A5F64B5713A13C3E007F07D1 /* vision.jpeg */ = {isa = PBXFileReference; lastKnownFileType = image.jpeg; name = vision.jpeg; path = images/vision.jpeg; sourceTree = "<group>"; };
/* End PBXFileReference section */

/* Begin PBXFrameworksBuildPhase section */
		A5909DE413A069CE0057DD01 /* Frameworks */ = {
			isa = PBXFrameworksBuildPhase;
			buildActionMask = 2147483647;
			files = (
				A53F66B613AB0A0C00F635A0 /* libsqlite3.0.dylib in Frameworks */,
				A5AD796113A19CD6007647F3 /* QuartzCore.framework in Frameworks */,
				A5909DEC13A069CF0057DD01 /* UIKit.framework in Frameworks */,
				A5909DEE13A069CF0057DD01 /* Foundation.framework in Frameworks */,
				A5909DF013A069CF0057DD01 /* CoreGraphics.framework in Frameworks */,
			);
			runOnlyForDeploymentPostprocessing = 0;
		};
/* End PBXFrameworksBuildPhase section */

/* Begin PBXGroup section */
		A506A13C13A6F6B600BF6B93 /* Main */ = {
			isa = PBXGroup;
			children = (
				A5909DFA13A069CF0057DD01 /* konoAppDelegate.h */,
				A5909DFB13A069CF0057DD01 /* konoAppDelegate.m */,
				A5909E0513A06A220057DD01 /* MainMenuViewController.h */,
				A5909E0613A06A220057DD01 /* MainMenuViewController.m */,
				A5909E0713A06A220057DD01 /* MainMenuViewController.xib */,
			);
			name = Main;
			sourceTree = "<group>";
		};
		A5909DDC13A069CE0057DD01 = {
			isa = PBXGroup;
			children = (
				A5909DF113A069CF0057DD01 /* kono */,
				A5909DE813A069CE0057DD01 /* Products */,
			);
			sourceTree = "<group>";
		};
		A5909DE813A069CE0057DD01 /* Products */ = {
			isa = PBXGroup;
			children = (
				A5909DE713A069CE0057DD01 /* kono.app */,
			);
			name = Products;
			sourceTree = "<group>";
		};
		A5909DEA13A069CF0057DD01 /* Frameworks */ = {
			isa = PBXGroup;
			children = (
				A53F66B513AB0A0C00F635A0 /* libsqlite3.0.dylib */,
				A5AD796013A19CD5007647F3 /* QuartzCore.framework */,
				A5909DEB13A069CF0057DD01 /* UIKit.framework */,
				A5909DED13A069CF0057DD01 /* Foundation.framework */,
				A5909DEF13A069CF0057DD01 /* CoreGraphics.framework */,
			);
			name = Frameworks;
			path = ..;
			sourceTree = "<group>";
		};
		A5909DF113A069CF0057DD01 /* kono */ = {
			isa = PBXGroup;
			children = (
				A5909E3313A0A0310057DD01 /* CustomView */,
				A5F64B4113A135EA007F07D1 /* GridView */,
				A506A13C13A6F6B600BF6B93 /* Main */,
				A5B68AB113A1FE48002B7F2D /* Bookstore */,
				A5909DFD13A069CF0057DD01 /* MainWindow.xib */,
				A5F64B5213A13BE3007F07D1 /* Resources */,
				A5909DEA13A069CF0057DD01 /* Frameworks */,
				A5909DF213A069CF0057DD01 /* Supporting Files */,
			);
			path = kono;
			sourceTree = "<group>";
		};
		A5909DF213A069CF0057DD01 /* Supporting Files */ = {
			isa = PBXGroup;
			children = (
				A5909DF313A069CF0057DD01 /* kono-Info.plist */,
				A5909DF413A069CF0057DD01 /* InfoPlist.strings */,
				A5909DF713A069CF0057DD01 /* kono-Prefix.pch */,
				A5909DF813A069CF0057DD01 /* main.m */,
			);
			name = "Supporting Files";
			sourceTree = "<group>";
		};
		A5909E3313A0A0310057DD01 /* CustomView */ = {
			isa = PBXGroup;
			children = (
				A5909E4013A0A1970057DD01 /* RoundedRectView.h */,
				A5909E4113A0A1970057DD01 /* RoundedRectView.m */,
			);
			name = CustomView;
			sourceTree = "<group>";
		};
		A5B68AB113A1FE48002B7F2D /* Bookstore */ = {
			isa = PBXGroup;
			children = (
				A53F66BA13AB0B9D00F635A0 /* BookstoreData.h */,
				A53F66BB13AB0B9D00F635A0 /* BookstoreData.m */,
				A5909E0A13A071A00057DD01 /* BookstoreViewController.h */,
				A5909E0B13A071A00057DD01 /* BookstoreViewController.m */,
				A5909E0C13A071A00057DD01 /* BookstoreViewController.xib */,
				A5F64B4613A136AC007F07D1 /* BookItemGridView */,
			);
			name = Bookstore;
			sourceTree = "<group>";
		};
		A5F64B4113A135EA007F07D1 /* GridView */ = {
			isa = PBXGroup;
			children = (
				A5B68A6C13A1CF34002B7F2D /* AQGridView.h */,
				A5B68A6D13A1CF34002B7F2D /* AQGridView.m */,
				A5B68A6E13A1CF34002B7F2D /* AQGridView+CellLayout.h */,
				A5B68A6F13A1CF34002B7F2D /* AQGridView+CellLocationDelegation.h */,
				A5B68A7013A1CF34002B7F2D /* AQGridViewAnimatorItem.h */,
				A5B68A7113A1CF34002B7F2D /* AQGridViewAnimatorItem.m */,
				A5B68A7213A1CF34002B7F2D /* AQGridViewCell.h */,
				A5B68A7313A1CF34002B7F2D /* AQGridViewCell.m */,
				A5B68A7413A1CF34002B7F2D /* AQGridViewCell+AQGridViewCellPrivate.h */,
				A5B68A7513A1CF34002B7F2D /* AQGridViewController.h */,
				A5B68A7613A1CF34002B7F2D /* AQGridViewController.m */,
				A5B68A7713A1CF34002B7F2D /* AQGridViewData.h */,
				A5B68A7813A1CF34002B7F2D /* AQGridViewData.m */,
				A5B68A7913A1CF34002B7F2D /* AQGridViewUpdateInfo.h */,
				A5B68A7A13A1CF34002B7F2D /* AQGridViewUpdateInfo.m */,
				A5B68A7B13A1CF34002B7F2D /* AQGridViewUpdateItem.h */,
				A5B68A7C13A1CF34002B7F2D /* AQGridViewUpdateItem.m */,
				A5B68A7D13A1CF34002B7F2D /* NSIndexSet+AQIndexesOutsideSet.h */,
				A5B68A7E13A1CF34002B7F2D /* NSIndexSet+AQIndexesOutsideSet.m */,
				A5B68A7F13A1CF34002B7F2D /* NSIndexSet+AQIsSetContiguous.h */,
				A5B68A8013A1CF34002B7F2D /* NSIndexSet+AQIsSetContiguous.m */,
				A5B68A8113A1CF34002B7F2D /* UIColor+AQGridView.h */,
				A5B68A8213A1CF34002B7F2D /* UIColor+AQGridView.m */,
			);
			name = GridView;
			sourceTree = "<group>";
		};
		A5F64B4613A136AC007F07D1 /* BookItemGridView */ = {
			isa = PBXGroup;
			children = (
				A5F64B4713A136F3007F07D1 /* BookItemGridViewCell.h */,
				A5F64B4813A136F3007F07D1 /* BookItemGridViewCell.m */,
				A5F64B4D13A13A2C007F07D1 /* BookItemGridViewController.h */,
				A5F64B4E13A13A2C007F07D1 /* BookItemGridViewController.m */,
			);
			name = BookItemGridView;
			sourceTree = "<group>";
		};
		A5F64B5213A13BE3007F07D1 /* Resources */ = {
			isa = PBXGroup;
			children = (
				A53F66B813AB0A4000F635A0 /* BookCategory.sql */,
				A506A13D13A6F8A900BF6B93 /* icon-72x72.png */,
				A5B68A9913A1D0BD002B7F2D /* 2535.jpeg */,
				A5B68A9A13A1D0BD002B7F2D /* bicycle.jpeg */,
				A5B68A8D13A1D0A3002B7F2D /* 30.jpeg */,
				A5B68A8E13A1D0A3002B7F2D /* brain.jpeg */,
				A5B68A8F13A1D0A3002B7F2D /* lohas.jpeg */,
				A5B68A9013A1D0A3002B7F2D /* people.jpeg */,
				A5B68A9113A1D0A3002B7F2D /* player.jpeg */,
				A5B68A9213A1D0A3002B7F2D /* precious.jpeg */,
				A5F64B5513A13C3E007F07D1 /* money.jpeg */,
				A5F64B5713A13C3E007F07D1 /* vision.jpeg */,
			);
			name = Resources;
			sourceTree = "<group>";
		};
/* End PBXGroup section */

/* Begin PBXNativeTarget section */
		A5909DE613A069CE0057DD01 /* kono */ = {
			isa = PBXNativeTarget;
			buildConfigurationList = A5909E0213A069CF0057DD01 /* Build configuration list for PBXNativeTarget "kono" */;
			buildPhases = (
				A5909DE313A069CE0057DD01 /* Sources */,
				A5909DE413A069CE0057DD01 /* Frameworks */,
				A5909DE513A069CE0057DD01 /* Resources */,
			);
			buildRules = (
			);
			dependencies = (
			);
			name = kono;
			productName = kono;
			productReference = A5909DE713A069CE0057DD01 /* kono.app */;
			productType = "com.apple.product-type.application";
		};
/* End PBXNativeTarget section */

/* Begin PBXProject section */
		A5909DDE13A069CE0057DD01 /* Project object */ = {
			isa = PBXProject;
			attributes = {
				ORGANIZATIONNAME = "Stanford University";
			};
			buildConfigurationList = A5909DE113A069CE0057DD01 /* Build configuration list for PBXProject "kono" */;
			compatibilityVersion = "Xcode 3.2";
			developmentRegion = English;
			hasScannedForEncodings = 0;
			knownRegions = (
				en,
			);
			mainGroup = A5909DDC13A069CE0057DD01;
			productRefGroup = A5909DE813A069CE0057DD01 /* Products */;
			projectDirPath = "";
			projectRoot = "";
			targets = (
				A5909DE613A069CE0057DD01 /* kono */,
			);
		};
/* End PBXProject section */

/* Begin PBXResourcesBuildPhase section */
		A5909DE513A069CE0057DD01 /* Resources */ = {
			isa = PBXResourcesBuildPhase;
			buildActionMask = 2147483647;
			files = (
				A5909DF613A069CF0057DD01 /* InfoPlist.strings in Resources */,
				A5909DFF13A069CF0057DD01 /* MainWindow.xib in Resources */,
				A5909E0913A06A220057DD01 /* MainMenuViewController.xib in Resources */,
				A5909E0E13A071A00057DD01 /* BookstoreViewController.xib in Resources */,
				A5F64B5A13A13C3E007F07D1 /* money.jpeg in Resources */,
				A5F64B5C13A13C3E007F07D1 /* vision.jpeg in Resources */,
				A5B68A9313A1D0A3002B7F2D /* 30.jpeg in Resources */,
				A5B68A9413A1D0A3002B7F2D /* brain.jpeg in Resources */,
				A5B68A9513A1D0A3002B7F2D /* lohas.jpeg in Resources */,
				A5B68A9613A1D0A3002B7F2D /* people.jpeg in Resources */,
				A5B68A9713A1D0A3002B7F2D /* player.jpeg in Resources */,
				A5B68A9813A1D0A3002B7F2D /* precious.jpeg in Resources */,
				A5B68A9B13A1D0BD002B7F2D /* 2535.jpeg in Resources */,
				A5B68A9C13A1D0BD002B7F2D /* bicycle.jpeg in Resources */,
				A506A13E13A6F8A900BF6B93 /* icon-72x72.png in Resources */,
				A53F66B913AB0A4000F635A0 /* BookCategory.sql in Resources */,
			);
			runOnlyForDeploymentPostprocessing = 0;
		};
/* End PBXResourcesBuildPhase section */

/* Begin PBXSourcesBuildPhase section */
		A5909DE313A069CE0057DD01 /* Sources */ = {
			isa = PBXSourcesBuildPhase;
			buildActionMask = 2147483647;
			files = (
				A5909DF913A069CF0057DD01 /* main.m in Sources */,
				A5909DFC13A069CF0057DD01 /* konoAppDelegate.m in Sources */,
				A5909E0813A06A220057DD01 /* MainMenuViewController.m in Sources */,
				A5909E0D13A071A00057DD01 /* BookstoreViewController.m in Sources */,
				A5909E4213A0A1970057DD01 /* RoundedRectView.m in Sources */,
				A5F64B4913A136F3007F07D1 /* BookItemGridViewCell.m in Sources */,
				A5F64B5013A13A2C007F07D1 /* BookItemGridViewController.m in Sources */,
				A5B68A8313A1CF34002B7F2D /* AQGridView.m in Sources */,
				A5B68A8413A1CF34002B7F2D /* AQGridViewAnimatorItem.m in Sources */,
				A5B68A8513A1CF34002B7F2D /* AQGridViewCell.m in Sources */,
				A5B68A8613A1CF34002B7F2D /* AQGridViewController.m in Sources */,
				A5B68A8713A1CF34002B7F2D /* AQGridViewData.m in Sources */,
				A5B68A8813A1CF34002B7F2D /* AQGridViewUpdateInfo.m in Sources */,
				A5B68A8913A1CF34002B7F2D /* AQGridViewUpdateItem.m in Sources */,
				A5B68A8A13A1CF34002B7F2D /* NSIndexSet+AQIndexesOutsideSet.m in Sources */,
				A5B68A8B13A1CF34002B7F2D /* NSIndexSet+AQIsSetContiguous.m in Sources */,
				A5B68A8C13A1CF34002B7F2D /* UIColor+AQGridView.m in Sources */,
				A53F66BC13AB0B9D00F635A0 /* BookstoreData.m in Sources */,
			);
			runOnlyForDeploymentPostprocessing = 0;
		};
/* End PBXSourcesBuildPhase section */

/* Begin PBXVariantGroup section */
		A5909DF413A069CF0057DD01 /* InfoPlist.strings */ = {
			isa = PBXVariantGroup;
			children = (
				A5909DF513A069CF0057DD01 /* en */,
			);
			name = InfoPlist.strings;
			sourceTree = "<group>";
		};
		A5909DFD13A069CF0057DD01 /* MainWindow.xib */ = {
			isa = PBXVariantGroup;
			children = (
				A5909DFE13A069CF0057DD01 /* en */,
			);
			name = MainWindow.xib;
			sourceTree = "<group>";
		};
/* End PBXVariantGroup section */

/* Begin XCBuildConfiguration section */
		A5909E0013A069CF0057DD01 /* Debug */ = {
			isa = XCBuildConfiguration;
			buildSettings = {
				ARCHS = "$(ARCHS_STANDARD_32_BIT)";
				CODE_SIGN_IDENTITY = "iPhone Developer: Yun Long (WUE62G89X9)";
				"CODE_SIGN_IDENTITY[sdk=iphoneos*]" = "iPhone Developer";
				GCC_C_LANGUAGE_STANDARD = gnu99;
				GCC_OPTIMIZATION_LEVEL = 0;
				GCC_PREPROCESSOR_DEFINITIONS = DEBUG;
				GCC_SYMBOLS_PRIVATE_EXTERN = NO;
				GCC_VERSION = "";
				GCC_WARN_ABOUT_RETURN_TYPE = YES;
				GCC_WARN_UNUSED_VARIABLE = YES;
				IPHONEOS_DEPLOYMENT_TARGET = 3.0;
				ONLY_ACTIVE_ARCH = YES;
				PROVISIONING_PROFILE = "AAA244CA-ED0C-468E-8EF6-9E2978F94A46";
				SDKROOT = iphoneos;
				TARGETED_DEVICE_FAMILY = "1,2";
			};
			name = Debug;
		};
		A5909E0113A069CF0057DD01 /* Release */ = {
			isa = XCBuildConfiguration;
			buildSettings = {
				ARCHS = "$(ARCHS_STANDARD_32_BIT)";
				CODE_SIGN_IDENTITY = "iPhone Developer: Yun Long (WUE62G89X9)";
				"CODE_SIGN_IDENTITY[sdk=iphoneos*]" = "iPhone Developer";
				GCC_C_LANGUAGE_STANDARD = gnu99;
				GCC_VERSION = "";
				GCC_WARN_ABOUT_RETURN_TYPE = YES;
				GCC_WARN_UNUSED_VARIABLE = YES;
				IPHONEOS_DEPLOYMENT_TARGET = 3.0;
				ONLY_ACTIVE_ARCH = YES;
				OTHER_CFLAGS = "-DNS_BLOCK_ASSERTIONS=1";
				PROVISIONING_PROFILE = "AAA244CA-ED0C-468E-8EF6-9E2978F94A46";
				SDKROOT = iphoneos;
				TARGETED_DEVICE_FAMILY = "1,2";
			};
			name = Release;
		};
		A5909E0313A069CF0057DD01 /* Debug */ = {
			isa = XCBuildConfiguration;
			buildSettings = {
				ALWAYS_SEARCH_USER_PATHS = NO;
				ARCHS = "$(ARCHS_STANDARD_32_BIT)";
				CODE_SIGN_IDENTITY = "iPhone Developer";
				COPY_PHASE_STRIP = NO;
				GCC_DYNAMIC_NO_PIC = NO;
				GCC_PRECOMPILE_PREFIX_HEADER = YES;
				GCC_PREFIX_HEADER = "kono/kono-Prefix.pch";
				GCC_VERSION = com.apple.compilers.llvmgcc42;
				INFOPLIST_FILE = "kono/kono-Info.plist";
				LIBRARY_SEARCH_PATHS = (
					"$(inherited)",
					"\"$(SRCROOT)/kono\"",
				);
				PRODUCT_NAME = "$(TARGET_NAME)";
				PROVISIONING_PROFILE = "";
				TARGETED_DEVICE_FAMILY = "1,2";
				WRAPPER_EXTENSION = app;
			};
			name = Debug;
		};
		A5909E0413A069CF0057DD01 /* Release */ = {
			isa = XCBuildConfiguration;
			buildSettings = {
				ALWAYS_SEARCH_USER_PATHS = NO;
				ARCHS = "$(ARCHS_STANDARD_32_BIT)";
				CODE_SIGN_IDENTITY = "iPhone Developer";
				COPY_PHASE_STRIP = YES;
				GCC_PRECOMPILE_PREFIX_HEADER = YES;
				GCC_PREFIX_HEADER = "kono/kono-Prefix.pch";
				GCC_VERSION = com.apple.compilers.llvmgcc42;
				INFOPLIST_FILE = "kono/kono-Info.plist";
				LIBRARY_SEARCH_PATHS = (
					"$(inherited)",
					"\"$(SRCROOT)/kono\"",
				);
				PRODUCT_NAME = "$(TARGET_NAME)";
				PROVISIONING_PROFILE = "";
				TARGETED_DEVICE_FAMILY = "1,2";
				VALIDATE_PRODUCT = YES;
				WRAPPER_EXTENSION = app;
			};
			name = Release;
		};
/* End XCBuildConfiguration section */

/* Begin XCConfigurationList section */
		A5909DE113A069CE0057DD01 /* Build configuration list for PBXProject "kono" */ = {
			isa = XCConfigurationList;
			buildConfigurations = (
				A5909E0013A069CF0057DD01 /* Debug */,
				A5909E0113A069CF0057DD01 /* Release */,
			);
			defaultConfigurationIsVisible = 0;
			defaultConfigurationName = Release;
		};
		A5909E0213A069CF0057DD01 /* Build configuration list for PBXNativeTarget "kono" */ = {
			isa = XCConfigurationList;
			buildConfigurations = (
				A5909E0313A069CF0057DD01 /* Debug */,
				A5909E0413A069CF0057DD01 /* Release */,
			);
			defaultConfigurationIsVisible = 0;
			defaultConfigurationName = Release;
		};
/* End XCConfigurationList section */
	};
	rootObject = A5909DDE13A069CE0057DD01 /* Project object */;
}
